
Microsoft Visual Studio Solution File, Format Version 12.00
# Visual Studio Version 16
VisualStudioVersion = 16.0.29613.14
MinimumVisualStudioVersion = 10.0.40219.1
Project("{FAE04EC0-301F-11D3-BF4B-00C04F79EFBC}") = "Photo Processing", "Photo Processing\Photo Processing.csproj", "{84DB0CC9-FEB6-40EB-A515-F93E8194CD19}"
EndProject
Project("{FAE04EC0-301F-11D3-BF4B-00C04F79EFBC}") = "MainWindowViewModelTests", "MainWindowViewModelTests\MainWindowViewModelTests.csproj", "{E3F6B4CF-9B39-4711-8915-D9C5B30F213C}"
EndProject
Project("{FAE04EC0-301F-11D3-BF4B-00C04F79EFBC}") = "ImageProcessing", "ImageProcessing\ImageProcessing.csproj", "{2687ED34-C04F-4A5E-94AA-C4584328C9D2}"
EndProject
Global
	GlobalSection(SolutionConfigurationPlatforms) = preSolution
		Debug|Any CPU = Debug|Any CPU
		Release|Any CPU = Release|Any CPU
	EndGlobalSection
	GlobalSection(ProjectConfigurationPlatforms) = postSolution
		{84DB0CC9-FEB6-40EB-A515-F93E8194CD19}.Debug|Any CPU.ActiveCfg = Debug|Any CPU
		{84DB0CC9-FEB6-40EB-A515-F93E8194CD19}.Debug|Any CPU.Build.0 = Debug|Any CPU
		{84DB0CC9-FEB6-40EB-A515-F93E8194CD19}.Release|Any CPU.ActiveCfg = Release|Any CPU
		{84DB0CC9-FEB6-40EB-A515-F93E8194CD19}.Release|Any CPU.Build.0 = Release|Any CPU
		{E3F6B4CF-9B39-4711-8915-D9C5B30F213C}.Debug|Any CPU.ActiveCfg = Debug|Any CPU
		{E3F6B4CF-9B39-4711-8915-D9C5B30F213C}.Debug|Any CPU.Build.0 = Debug|Any CPU
		{E3F6B4CF-9B39-4711-8915-D9C5B30F213C}.Release|Any CPU.ActiveCfg = Release|Any CPU
		{E3F6B4CF-9B39-4711-8915-D9C5B30F213C}.Release|Any CPU.Build.0 = Release|Any CPU
		{2687ED34-C04F-4A5E-94AA-C4584328C9D2}.Debug|Any CPU.ActiveCfg = Debug|Any CPU
		{2687ED34-C04F-4A5E-94AA-C4584328C9D2}.Debug|Any CPU.Build.0 = Debug|Any CPU
		{2687ED34-C04F-4A5E-94AA-C4584328C9D2}.Release|Any CPU.ActiveCfg = Release|Any CPU
		{2687ED34-C04F-4A5E-94AA-C4584328C9D2}.Release|Any CPU.Build.0 = Release|Any CPU
	EndGlobalSection
	GlobalSection(SolutionProperties) = preSolution
		HideSolutionNode = FALSE
	EndGlobalSection
	GlobalSection(ExtensibilityGlobals) = postSolution
		SolutionGuid = {1C082828-64F7-4F99-928D-A0CF95C7B7B7}
	EndGlobalSection
EndGlobal
